<?xml version="1.0" encoding="utf-8"?>
<Project ToolsVersion="4.0" xmlns="http://schemas.microsoft.com/developer/msbuild/2003">
  <ItemGroup>
    <Filter Include="Artifax">
      <UniqueIdentifier>{348FA3A1-A06E-223D-A986-AD1315E5889E}</UniqueIdentifier>
    </Filter>
  </ItemGroup>
  <ItemGroup>
    <ClInclude Include="src\Artifax.h" />
    <ClInclude Include="src\Artifax\Application.h">
      <Filter>Artifax</Filter>
    </ClInclude>
    <ClInclude Include="src\Artifax\Core.h">
      <Filter>Artifax</Filter>
    </ClInclude>
    <ClInclude Include="src\Artifax\EntryPoint.h">
      <Filter>Artifax</Filter>
    </ClInclude>
  </ItemGroup>
  <ItemGroup>
    <ClCompile Include="src\Artifax\Application.cpp">
      <Filter>Artifax</Filter>
    </ClCompile>
  </ItemGroup>
</Project>