<?xml version="1.0" encoding="utf-8"?>
<Project ToolsVersion="4.0" xmlns="http://schemas.microsoft.com/developer/msbuild/2003">
  <ItemGroup>
    <Filter Include="Artifax">
      <UniqueIdentifier>{348FA3A1-A06E-223D-A986-AD1315E5889E}</UniqueIdentifier>
    </Filter>
    <Filter Include="Artifax\Events">
      <UniqueIdentifier>{9898019B-8466-F5A0-6DFA-65C75967D105}</UniqueIdentifier>
    </Filter>
    <Filter Include="Platform">
      <UniqueIdentifier>{2AC788B4-1694-E3BF-3FAD-D1672BD9184E}</UniqueIdentifier>
    </Filter>
    <Filter Include="Platform\Windows">
      <UniqueIdentifier>{64FBD71A-50F4-F66C-7926-DCF1657ED678}</UniqueIdentifier>
    </Filter>
  </ItemGroup>
  <ItemGroup>
    <ClInclude Include="src\Artifax.h" />
    <ClInclude Include="src\Artifax\Application.h">
      <Filter>Artifax</Filter>
    </ClInclude>
    <ClInclude Include="src\Artifax\Core.h">
      <Filter>Artifax</Filter>
    </ClInclude>
    <ClInclude Include="src\Artifax\EntryPoint.h">
      <Filter>Artifax</Filter>
    </ClInclude>
    <ClInclude Include="src\Artifax\Events\ApplicationEvent.h">
      <Filter>Artifax\Events</Filter>
    </ClInclude>
    <ClInclude Include="src\Artifax\Events\Event.h">
      <Filter>Artifax\Events</Filter>
    </ClInclude>
    <ClInclude Include="src\Artifax\Events\KeyEvent.h">
      <Filter>Artifax\Events</Filter>
    </ClInclude>
    <ClInclude Include="src\Artifax\Events\MouseEvent.h">
      <Filter>Artifax\Events</Filter>
    </ClInclude>
    <ClInclude Include="src\Artifax\Events\WindowEvent.h">
      <Filter>Artifax\Events</Filter>
    </ClInclude>
    <ClInclude Include="src\Artifax\Log.h">
      <Filter>Artifax</Filter>
    </ClInclude>
    <ClInclude Include="src\Artifax\Window.h">
      <Filter>Artifax</Filter>
    </ClInclude>
    <ClInclude Include="src\Platform\Windows\WindowsWindow.h">
      <Filter>Platform\Windows</Filter>
    </ClInclude>
    <ClInclude Include="src\axpch.h" />
  </ItemGroup>
  <ItemGroup>
    <ClCompile Include="src\Artifax\Application.cpp">
      <Filter>Artifax</Filter>
    </ClCompile>
    <ClCompile Include="src\Artifax\Log.cpp">
      <Filter>Artifax</Filter>
    </ClCompile>
    <ClCompile Include="src\Platform\Windows\WindowsWindow.cpp">
      <Filter>Platform\Windows</Filter>
    </ClCompile>
    <ClCompile Include="src\axpch.cpp" />
  </ItemGroup>
</Project>