<?xml version="1.0" encoding="utf-8"?>
<Project ToolsVersion="4.0" xmlns="http://schemas.microsoft.com/developer/msbuild/2003">
  <ItemGroup>
    <Filter Include="src">
      <UniqueIdentifier>{2DAB880B-99B4-887C-2230-9F7C8E38947C}</UniqueIdentifier>
    </Filter>
    <Filter Include="src\Artifax">
      <UniqueIdentifier>{4B8FDDAA-B744-56A0-4039-5077ACED4CA4}</UniqueIdentifier>
    </Filter>
    <Filter Include="src\Artifax\Core">
      <UniqueIdentifier>{83FA1A41-6FF3-3993-9825-1F18847D199F}</UniqueIdentifier>
    </Filter>
    <Filter Include="src\Artifax\Debug">
      <UniqueIdentifier>{01A68664-6DBC-84FA-B633-101C22895582}</UniqueIdentifier>
    </Filter>
    <Filter Include="src\Artifax\Events">
      <UniqueIdentifier>{CFB8E5F8-BB9C-A64E-24FD-A0A1100091D0}</UniqueIdentifier>
    </Filter>
    <Filter Include="src\Artifax\ImGui">
      <UniqueIdentifier>{B510E564-2127-E3FA-6A9E-6E1CD6F3B382}</UniqueIdentifier>
    </Filter>
    <Filter Include="src\Artifax\Renderer">
      <UniqueIdentifier>{513732C0-3DC6-BB89-E6E4-CF84D252CC2F}</UniqueIdentifier>
    </Filter>
    <Filter Include="src\Platform">
      <UniqueIdentifier>{21CA02E5-0D2D-9289-B6B2-CA3FA2F45D0C}</UniqueIdentifier>
    </Filter>
    <Filter Include="src\Platform\OpenGL">
      <UniqueIdentifier>{35A49437-A105-7245-2A73-B8F796D3A804}</UniqueIdentifier>
    </Filter>
    <Filter Include="src\Platform\Windows">
      <UniqueIdentifier>{5B054582-4794-CE4B-F0B2-E246DC20DFF1}</UniqueIdentifier>
    </Filter>
    <Filter Include="vendor">
      <UniqueIdentifier>{B3738122-9F15-ACF8-88D0-BF4C74113349}</UniqueIdentifier>
    </Filter>
    <Filter Include="vendor\stb_image">
      <UniqueIdentifier>{0DA0BA59-F998-D9AB-22CB-BE300E23B9B7}</UniqueIdentifier>
    </Filter>
  </ItemGroup>
  <ItemGroup>
    <ClInclude Include="src\Artifax.h">
      <Filter>src</Filter>
    </ClInclude>
    <ClInclude Include="src\Artifax\Application.h">
      <Filter>src\Artifax</Filter>
    </ClInclude>
    <ClInclude Include="src\Artifax\Core.h">
      <Filter>src\Artifax</Filter>
    </ClInclude>
    <ClInclude Include="src\Artifax\Core\Timestep.h">
      <Filter>src\Artifax\Core</Filter>
    </ClInclude>
    <ClInclude Include="src\Artifax\Debug\Instrumentor.h">
      <Filter>src\Artifax\Debug</Filter>
    </ClInclude>
    <ClInclude Include="src\Artifax\EntryPoint.h">
      <Filter>src\Artifax</Filter>
    </ClInclude>
    <ClInclude Include="src\Artifax\Events\ApplicationEvent.h">
      <Filter>src\Artifax\Events</Filter>
    </ClInclude>
    <ClInclude Include="src\Artifax\Events\Event.h">
      <Filter>src\Artifax\Events</Filter>
    </ClInclude>
    <ClInclude Include="src\Artifax\Events\KeyEvent.h">
      <Filter>src\Artifax\Events</Filter>
    </ClInclude>
    <ClInclude Include="src\Artifax\Events\MouseEvent.h">
      <Filter>src\Artifax\Events</Filter>
    </ClInclude>
    <ClInclude Include="src\Artifax\Events\WindowEvent.h">
      <Filter>src\Artifax\Events</Filter>
    </ClInclude>
    <ClInclude Include="src\Artifax\ImGui\ImGuiLayer.h">
      <Filter>src\Artifax\ImGui</Filter>
    </ClInclude>
    <ClInclude Include="src\Artifax\Input.h">
      <Filter>src\Artifax</Filter>
    </ClInclude>
    <ClInclude Include="src\Artifax\KeyCodes.h">
      <Filter>src\Artifax</Filter>
    </ClInclude>
    <ClInclude Include="src\Artifax\Layer.h">
      <Filter>src\Artifax</Filter>
    </ClInclude>
    <ClInclude Include="src\Artifax\LayerStack.h">
      <Filter>src\Artifax</Filter>
    </ClInclude>
    <ClInclude Include="src\Artifax\Log.h">
      <Filter>src\Artifax</Filter>
    </ClInclude>
    <ClInclude Include="src\Artifax\MacrosUtils.h">
      <Filter>src\Artifax</Filter>
    </ClInclude>
    <ClInclude Include="src\Artifax\MouseButtonCodes.h">
      <Filter>src\Artifax</Filter>
    </ClInclude>
    <ClInclude Include="src\Artifax\Renderer\Buffer.h">
      <Filter>src\Artifax\Renderer</Filter>
    </ClInclude>
    <ClInclude Include="src\Artifax\Renderer\GraphicsContext.h">
      <Filter>src\Artifax\Renderer</Filter>
    </ClInclude>
    <ClInclude Include="src\Artifax\Renderer\OrthographicCamera.h">
      <Filter>src\Artifax\Renderer</Filter>
    </ClInclude>
    <ClInclude Include="src\Artifax\Renderer\RenderCommand.h">
      <Filter>src\Artifax\Renderer</Filter>
    </ClInclude>
    <ClInclude Include="src\Artifax\Renderer\Renderer.h">
      <Filter>src\Artifax\Renderer</Filter>
    </ClInclude>
    <ClInclude Include="src\Artifax\Renderer\RendererAPI.h">
      <Filter>src\Artifax\Renderer</Filter>
    </ClInclude>
    <ClInclude Include="src\Artifax\Renderer\Shader.h">
      <Filter>src\Artifax\Renderer</Filter>
    </ClInclude>
    <ClInclude Include="src\Artifax\Renderer\Texture.h">
      <Filter>src\Artifax\Renderer</Filter>
    </ClInclude>
    <ClInclude Include="src\Artifax\Renderer\VertexArray.h">
      <Filter>src\Artifax\Renderer</Filter>
    </ClInclude>
    <ClInclude Include="src\Artifax\Window.h">
      <Filter>src\Artifax</Filter>
    </ClInclude>
    <ClInclude Include="src\Platform\OpenGL\OpenGLBuffer.h">
      <Filter>src\Platform\OpenGL</Filter>
    </ClInclude>
    <ClInclude Include="src\Platform\OpenGL\OpenGLContext.h">
      <Filter>src\Platform\OpenGL</Filter>
    </ClInclude>
    <ClInclude Include="src\Platform\OpenGL\OpenGLRendererAPI.h">
      <Filter>src\Platform\OpenGL</Filter>
    </ClInclude>
    <ClInclude Include="src\Platform\OpenGL\OpenGLShader.h">
      <Filter>src\Platform\OpenGL</Filter>
    </ClInclude>
    <ClInclude Include="src\Platform\OpenGL\OpenGLTexture.h">
      <Filter>src\Platform\OpenGL</Filter>
    </ClInclude>
    <ClInclude Include="src\Platform\OpenGL\OpenGLVertexArray.h">
      <Filter>src\Platform\OpenGL</Filter>
    </ClInclude>
    <ClInclude Include="src\Platform\Windows\WindowsInput.h">
      <Filter>src\Platform\Windows</Filter>
    </ClInclude>
    <ClInclude Include="src\Platform\Windows\WindowsWindow.h">
      <Filter>src\Platform\Windows</Filter>
    </ClInclude>
    <ClInclude Include="src\axpch.h">
      <Filter>src</Filter>
    </ClInclude>
    <ClInclude Include="vendor\stb_image\stb_image.h">
      <Filter>vendor\stb_image</Filter>
    </ClInclude>
  </ItemGroup>
  <ItemGroup>
    <ClCompile Include="src\Artifax\Application.cpp">
      <Filter>src\Artifax</Filter>
    </ClCompile>
    <ClCompile Include="src\Artifax\ImGui\ImGuiBuild.cpp">
      <Filter>src\Artifax\ImGui</Filter>
    </ClCompile>
    <ClCompile Include="src\Artifax\ImGui\ImGuiLayer.cpp">
      <Filter>src\Artifax\ImGui</Filter>
    </ClCompile>
    <ClCompile Include="src\Artifax\Layer.cpp">
      <Filter>src\Artifax</Filter>
    </ClCompile>
    <ClCompile Include="src\Artifax\LayerStack.cpp">
      <Filter>src\Artifax</Filter>
    </ClCompile>
    <ClCompile Include="src\Artifax\Log.cpp">
      <Filter>src\Artifax</Filter>
    </ClCompile>
    <ClCompile Include="src\Artifax\Renderer\Buffer.cpp">
      <Filter>src\Artifax\Renderer</Filter>
    </ClCompile>
    <ClCompile Include="src\Artifax\Renderer\OrthographicCamera.cpp">
      <Filter>src\Artifax\Renderer</Filter>
    </ClCompile>
    <ClCompile Include="src\Artifax\Renderer\RenderCommand.cpp">
      <Filter>src\Artifax\Renderer</Filter>
    </ClCompile>
    <ClCompile Include="src\Artifax\Renderer\Renderer.cpp">
      <Filter>src\Artifax\Renderer</Filter>
    </ClCompile>
    <ClCompile Include="src\Artifax\Renderer\RendererAPI.cpp">
      <Filter>src\Artifax\Renderer</Filter>
    </ClCompile>
    <ClCompile Include="src\Artifax\Renderer\Shader.cpp">
      <Filter>src\Artifax\Renderer</Filter>
    </ClCompile>
    <ClCompile Include="src\Artifax\Renderer\Texture.cpp">
      <Filter>src\Artifax\Renderer</Filter>
    </ClCompile>
    <ClCompile Include="src\Artifax\Renderer\VertexArray.cpp">
      <Filter>src\Artifax\Renderer</Filter>
    </ClCompile>
    <ClCompile Include="src\Platform\OpenGL\OpenGLBuffer.cpp">
      <Filter>src\Platform\OpenGL</Filter>
    </ClCompile>
    <ClCompile Include="src\Platform\OpenGL\OpenGLContext.cpp">
      <Filter>src\Platform\OpenGL</Filter>
    </ClCompile>
    <ClCompile Include="src\Platform\OpenGL\OpenGLRendererAPI.cpp">
      <Filter>src\Platform\OpenGL</Filter>
    </ClCompile>
    <ClCompile Include="src\Platform\OpenGL\OpenGLShader.cpp">
      <Filter>src\Platform\OpenGL</Filter>
    </ClCompile>
    <ClCompile Include="src\Platform\OpenGL\OpenGLTexture.cpp">
      <Filter>src\Platform\OpenGL</Filter>
    </ClCompile>
    <ClCompile Include="src\Platform\OpenGL\OpenGLVertexArray.cpp">
      <Filter>src\Platform\OpenGL</Filter>
    </ClCompile>
    <ClCompile Include="src\Platform\Windows\WindowsInput.cpp">
      <Filter>src\Platform\Windows</Filter>
    </ClCompile>
    <ClCompile Include="src\Platform\Windows\WindowsWindow.cpp">
      <Filter>src\Platform\Windows</Filter>
    </ClCompile>
    <ClCompile Include="src\axpch.cpp">
      <Filter>src</Filter>
    </ClCompile>
    <ClCompile Include="vendor\stb_image\stb_image.cpp">
      <Filter>vendor\stb_image</Filter>
    </ClCompile>
  </ItemGroup>
</Project>